// !$*UTF8*$!
{
	archiveVersion = 1;
	classes = {
	};
	objectVersion = 46;
	objects = {

/* Begin PBXBuildFile section */
		2B24EF01193783AB0084BEDF /* Foundation.framework in Frameworks */ = {isa = PBXBuildFile; fileRef = 2B24EF00193783AB0084BEDF /* Foundation.framework */; };
		2B24EF03193783AB0084BEDF /* CoreGraphics.framework in Frameworks */ = {isa = PBXBuildFile; fileRef = 2B24EF02193783AB0084BEDF /* CoreGraphics.framework */; };
		2B24EF05193783AB0084BEDF /* UIKit.framework in Frameworks */ = {isa = PBXBuildFile; fileRef = 2B24EF04193783AB0084BEDF /* UIKit.framework */; };
		2B24EF0B193783AB0084BEDF /* InfoPlist.strings in Resources */ = {isa = PBXBuildFile; fileRef = 2B24EF09193783AB0084BEDF /* InfoPlist.strings */; };
		2B24EF0D193783AB0084BEDF /* main.m in Sources */ = {isa = PBXBuildFile; fileRef = 2B24EF0C193783AB0084BEDF /* main.m */; };
		2B24EF11193783AB0084BEDF /* MLAppDelegate.m in Sources */ = {isa = PBXBuildFile; fileRef = 2B24EF10193783AB0084BEDF /* MLAppDelegate.m */; };
		2B24EF13193783AB0084BEDF /* Images.xcassets in Resources */ = {isa = PBXBuildFile; fileRef = 2B24EF12193783AB0084BEDF /* Images.xcassets */; };
		2B24EF1A193783AC0084BEDF /* XCTest.framework in Frameworks */ = {isa = PBXBuildFile; fileRef = 2B24EF19193783AC0084BEDF /* XCTest.framework */; };
		2B24EF1B193783AC0084BEDF /* Foundation.framework in Frameworks */ = {isa = PBXBuildFile; fileRef = 2B24EF00193783AB0084BEDF /* Foundation.framework */; };
		2B24EF1C193783AC0084BEDF /* UIKit.framework in Frameworks */ = {isa = PBXBuildFile; fileRef = 2B24EF04193783AB0084BEDF /* UIKit.framework */; };
		2B24EF24193783AC0084BEDF /* InfoPlist.strings in Resources */ = {isa = PBXBuildFile; fileRef = 2B24EF22193783AC0084BEDF /* InfoPlist.strings */; };
		2B24EF26193783AC0084BEDF /* NSThreadDemoTests.m in Sources */ = {isa = PBXBuildFile; fileRef = 2B24EF25193783AC0084BEDF /* NSThreadDemoTests.m */; };
		2B24EF33193784C30084BEDF /* MLMainViewController.m in Sources */ = {isa = PBXBuildFile; fileRef = 2B24EF32193784C30084BEDF /* MLMainViewController.m */; };
/* End PBXBuildFile section */

/* Begin PBXContainerItemProxy section */
		2B24EF1D193783AC0084BEDF /* PBXContainerItemProxy */ = {
			isa = PBXContainerItemProxy;
			containerPortal = 2B24EEF5193783AB0084BEDF /* Project object */;
			proxyType = 1;
			remoteGlobalIDString = 2B24EEFC193783AB0084BEDF;
			remoteInfo = NSThreadDemo;
		};
/* End PBXContainerItemProxy section */

/* Begin PBXFileReference section */
		2B24EEFD193783AB0084BEDF /* NSThreadDemo.app */ = {isa = PBXFileReference; explicitFileType = wrapper.application; includeInIndex = 0; path = NSThreadDemo.app; sourceTree = BUILT_PRODUCTS_DIR; };
		2B24EF00193783AB0084BEDF /* Foundation.framework */ = {isa = PBXFileReference; lastKnownFileType = wrapper.framework; name = Foundation.framework; path = System/Library/Frameworks/Foundation.framework; sourceTree = SDKROOT; };
		2B24EF02193783AB0084BEDF /* CoreGraphics.framework */ = {isa = PBXFileReference; lastKnownFileType = wrapper.framework; name = CoreGraphics.framework; path = System/Library/Frameworks/CoreGraphics.framework; sourceTree = SDKROOT; };
		2B24EF04193783AB0084BEDF /* UIKit.framework */ = {isa = PBXFileReference; lastKnownFileType = wrapper.framework; name = UIKit.framework; path = System/Library/Frameworks/UIKit.framework; sourceTree = SDKROOT; };
		2B24EF08193783AB0084BEDF /* NSThreadDemo-Info.plist */ = {isa = PBXFileReference; lastKnownFileType = text.plist.xml; path = "NSThreadDemo-Info.plist"; sourceTree = "<group>"; };
		2B24EF0A193783AB0084BEDF /* en */ = {isa = PBXFileReference; lastKnownFileType = text.plist.strings; name = en; path = en.lproj/InfoPlist.strings; sourceTree = "<group>"; };
		2B24EF0C193783AB0084BEDF /* main.m */ = {isa = PBXFileReference; lastKnownFileType = sourcecode.c.objc; path = main.m; sourceTree = "<group>"; };
		2B24EF0E193783AB0084BEDF /* NSThreadDemo-Prefix.pch */ = {isa = PBXFileReference; lastKnownFileType = sourcecode.c.h; path = "NSThreadDemo-Prefix.pch"; sourceTree = "<group>"; };
		2B24EF0F193783AB0084BEDF /* MLAppDelegate.h */ = {isa = PBXFileReference; lastKnownFileType = sourcecode.c.h; path = MLAppDelegate.h; sourceTree = "<group>"; };
		2B24EF10193783AB0084BEDF /* MLAppDelegate.m */ = {isa = PBXFileReference; lastKnownFileType = sourcecode.c.objc; path = MLAppDelegate.m; sourceTree = "<group>"; };
		2B24EF12193783AB0084BEDF /* Images.xcassets */ = {isa = PBXFileReference; lastKnownFileType = folder.assetcatalog; path = Images.xcassets; sourceTree = "<group>"; };
		2B24EF18193783AC0084BEDF /* NSThreadDemoTests.xctest */ = {isa = PBXFileReference; explicitFileType = wrapper.cfbundle; includeInIndex = 0; path = NSThreadDemoTests.xctest; sourceTree = BUILT_PRODUCTS_DIR; };
		2B24EF19193783AC0084BEDF /* XCTest.framework */ = {isa = PBXFileReference; lastKnownFileType = wrapper.framework; name = XCTest.framework; path = Library/Frameworks/XCTest.framework; sourceTree = DEVELOPER_DIR; };
		2B24EF21193783AC0084BEDF /* NSThreadDemoTests-Info.plist */ = {isa = PBXFileReference; lastKnownFileType = text.plist.xml; path = "NSThreadDemoTests-Info.plist"; sourceTree = "<group>"; };
		2B24EF23193783AC0084BEDF /* en */ = {isa = PBXFileReference; lastKnownFileType = text.plist.strings; name = en; path = en.lproj/InfoPlist.strings; sourceTree = "<group>"; };
		2B24EF25193783AC0084BEDF /* NSThreadDemoTests.m */ = {isa = PBXFileReference; lastKnownFileType = sourcecode.c.objc; path = NSThreadDemoTests.m; sourceTree = "<group>"; };
		2B24EF2F193783DA0084BEDF /* zh-Hans */ = {isa = PBXFileReference; lastKnownFileType = text.plist.strings; name = "zh-Hans"; path = "zh-Hans.lproj/InfoPlist.strings"; sourceTree = "<group>"; };
		2B24EF30193783DA0084BEDF /* zh-Hans */ = {isa = PBXFileReference; lastKnownFileType = text.plist.strings; name = "zh-Hans"; path = "zh-Hans.lproj/InfoPlist.strings"; sourceTree = "<group>"; };
		2B24EF31193784C30084BEDF /* MLMainViewController.h */ = {isa = PBXFileReference; fileEncoding = 4; lastKnownFileType = sourcecode.c.h; path = MLMainViewController.h; sourceTree = "<group>"; };
		2B24EF32193784C30084BEDF /* MLMainViewController.m */ = {isa = PBXFileReference; fileEncoding = 4; lastKnownFileType = sourcecode.c.objc; path = MLMainViewController.m; sourceTree = "<group>"; };
/* End PBXFileReference section */

/* Begin PBXFrameworksBuildPhase section */
		2B24EEFA193783AB0084BEDF /* Frameworks */ = {
			isa = PBXFrameworksBuildPhase;
			buildActionMask = 2147483647;
			files = (
				2B24EF03193783AB0084BEDF /* CoreGraphics.framework in Frameworks */,
				2B24EF05193783AB0084BEDF /* UIKit.framework in Frameworks */,
				2B24EF01193783AB0084BEDF /* Foundation.framework in Frameworks */,
			);
			runOnlyForDeploymentPostprocessing = 0;
		};
		2B24EF15193783AC0084BEDF /* Frameworks */ = {
			isa = PBXFrameworksBuildPhase;
			buildActionMask = 2147483647;
			files = (
				2B24EF1A193783AC0084BEDF /* XCTest.framework in Frameworks */,
				2B24EF1C193783AC0084BEDF /* UIKit.framework in Frameworks */,
				2B24EF1B193783AC0084BEDF /* Foundation.framework in Frameworks */,
			);
			runOnlyForDeploymentPostprocessing = 0;
		};
/* End PBXFrameworksBuildPhase section */

/* Begin PBXGroup section */
		2B24EEF4193783AB0084BEDF = {
			isa = PBXGroup;
			children = (
				2B24EF06193783AB0084BEDF /* NSThreadDemo */,
				2B24EF1F193783AC0084BEDF /* NSThreadDemoTests */,
				2B24EEFF193783AB0084BEDF /* Frameworks */,
				2B24EEFE193783AB0084BEDF /* Products */,
			);
			sourceTree = "<group>";
		};
		2B24EEFE193783AB0084BEDF /* Products */ = {
			isa = PBXGroup;
			children = (
				2B24EEFD193783AB0084BEDF /* NSThreadDemo.app */,
				2B24EF18193783AC0084BEDF /* NSThreadDemoTests.xctest */,
			);
			name = Products;
			sourceTree = "<group>";
		};
		2B24EEFF193783AB0084BEDF /* Frameworks */ = {
			isa = PBXGroup;
			children = (
				2B24EF00193783AB0084BEDF /* Foundation.framework */,
				2B24EF02193783AB0084BEDF /* CoreGraphics.framework */,
				2B24EF04193783AB0084BEDF /* UIKit.framework */,
				2B24EF19193783AC0084BEDF /* XCTest.framework */,
			);
			name = Frameworks;
			sourceTree = "<group>";
		};
		2B24EF06193783AB0084BEDF /* NSThreadDemo */ = {
			isa = PBXGroup;
			children = (
				2B24EF0F193783AB0084BEDF /* MLAppDelegate.h */,
				2B24EF10193783AB0084BEDF /* MLAppDelegate.m */,
				2B24EF12193783AB0084BEDF /* Images.xcassets */,
				2B24EF07193783AB0084BEDF /* Supporting Files */,
				2B24EF31193784C30084BEDF /* MLMainViewController.h */,
				2B24EF32193784C30084BEDF /* MLMainViewController.m */,
			);
			path = NSThreadDemo;
			sourceTree = "<group>";
		};
		2B24EF07193783AB0084BEDF /* Supporting Files */ = {
			isa = PBXGroup;
			children = (
				2B24EF08193783AB0084BEDF /* NSThreadDemo-Info.plist */,
				2B24EF09193783AB0084BEDF /* InfoPlist.strings */,
				2B24EF0C193783AB0084BEDF /* main.m */,
				2B24EF0E193783AB0084BEDF /* NSThreadDemo-Prefix.pch */,
			);
			name = "Supporting Files";
			sourceTree = "<group>";
		};
		2B24EF1F193783AC0084BEDF /* NSThreadDemoTests */ = {
			isa = PBXGroup;
			children = (
				2B24EF25193783AC0084BEDF /* NSThreadDemoTests.m */,
				2B24EF20193783AC0084BEDF /* Supporting Files */,
			);
			path = NSThreadDemoTests;
			sourceTree = "<group>";
		};
		2B24EF20193783AC0084BEDF /* Supporting Files */ = {
			isa = PBXGroup;
			children = (
				2B24EF21193783AC0084BEDF /* NSThreadDemoTests-Info.plist */,
				2B24EF22193783AC0084BEDF /* InfoPlist.strings */,
			);
			name = "Supporting Files";
			sourceTree = "<group>";
		};
/* End PBXGroup section */

/* Begin PBXNativeTarget section */
		2B24EEFC193783AB0084BEDF /* NSThreadDemo */ = {
			isa = PBXNativeTarget;
			buildConfigurationList = 2B24EF29193783AC0084BEDF /* Build configuration list for PBXNativeTarget "NSThreadDemo" */;
			buildPhases = (
				2B24EEF9193783AB0084BEDF /* Sources */,
				2B24EEFA193783AB0084BEDF /* Frameworks */,
				2B24EEFB193783AB0084BEDF /* Resources */,
			);
			buildRules = (
			);
			dependencies = (
			);
			name = NSThreadDemo;
			productName = NSThreadDemo;
			productReference = 2B24EEFD193783AB0084BEDF /* NSThreadDemo.app */;
			productType = "com.apple.product-type.application";
		};
		2B24EF17193783AC0084BEDF /* NSThreadDemoTests */ = {
			isa = PBXNativeTarget;
			buildConfigurationList = 2B24EF2C193783AC0084BEDF /* Build configuration list for PBXNativeTarget "NSThreadDemoTests" */;
			buildPhases = (
				2B24EF14193783AC0084BEDF /* Sources */,
				2B24EF15193783AC0084BEDF /* Frameworks */,
				2B24EF16193783AC0084BEDF /* Resources */,
			);
			buildRules = (
			);
			dependencies = (
				2B24EF1E193783AC0084BEDF /* PBXTargetDependency */,
			);
			name = NSThreadDemoTests;
			productName = NSThreadDemoTests;
			productReference = 2B24EF18193783AC0084BEDF /* NSThreadDemoTests.xctest */;
			productType = "com.apple.product-type.bundle.unit-test";
		};
/* End PBXNativeTarget section */

/* Begin PBXProject section */
		2B24EEF5193783AB0084BEDF /* Project object */ = {
			isa = PBXProject;
			attributes = {
				CLASSPREFIX = ML;
				LastUpgradeCheck = 0510;
				ORGANIZATIONNAME = "mao lin";
				TargetAttributes = {
					2B24EEFC193783AB0084BEDF = {
						DevelopmentTeam = 3M2W3A298K;
					};
					2B24EF17193783AC0084BEDF = {
						TestTargetID = 2B24EEFC193783AB0084BEDF;
					};
				};
			};
			buildConfigurationList = 2B24EEF8193783AB0084BEDF /* Build configuration list for PBXProject "NSThreadDemo" */;
			compatibilityVersion = "Xcode 3.2";
			developmentRegion = English;
			hasScannedForEncodings = 0;
			knownRegions = (
				en,
				"zh-Hans",
			);
			mainGroup = 2B24EEF4193783AB0084BEDF;
			productRefGroup = 2B24EEFE193783AB0084BEDF /* Products */;
			projectDirPath = "";
			projectRoot = "";
			targets = (
				2B24EEFC193783AB0084BEDF /* NSThreadDemo */,
				2B24EF17193783AC0084BEDF /* NSThreadDemoTests */,
			);
		};
/* End PBXProject section */

/* Begin PBXResourcesBuildPhase section */
		2B24EEFB193783AB0084BEDF /* Resources */ = {
			isa = PBXResourcesBuildPhase;
			buildActionMask = 2147483647;
			files = (
				2B24EF0B193783AB0084BEDF /* InfoPlist.strings in Resources */,
				2B24EF13193783AB0084BEDF /* Images.xcassets in Resources */,
			);
			runOnlyForDeploymentPostprocessing = 0;
		};
		2B24EF16193783AC0084BEDF /* Resources */ = {
			isa = PBXResourcesBuildPhase;
			buildActionMask = 2147483647;
			files = (
				2B24EF24193783AC0084BEDF /* InfoPlist.strings in Resources */,
			);
			runOnlyForDeploymentPostprocessing = 0;
		};
/* End PBXResourcesBuildPhase section */

/* Begin PBXSourcesBuildPhase section */
		2B24EEF9193783AB0084BEDF /* Sources */ = {
			isa = PBXSourcesBuildPhase;
			buildActionMask = 2147483647;
			files = (
				2B24EF0D193783AB0084BEDF /* main.m in Sources */,
				2B24EF11193783AB0084BEDF /* MLAppDelegate.m in Sources */,
				2B24EF33193784C30084BEDF /* MLMainViewController.m in Sources */,
			);
			runOnlyForDeploymentPostprocessing = 0;
		};
		2B24EF14193783AC0084BEDF /* Sources */ = {
			isa = PBXSourcesBuildPhase;
			buildActionMask = 2147483647;
			files = (
				2B24EF26193783AC0084BEDF /* NSThreadDemoTests.m in Sources */,
			);
			runOnlyForDeploymentPostprocessing = 0;
		};
/* End PBXSourcesBuildPhase section */

/* Begin PBXTargetDependency section */
		2B24EF1E193783AC0084BEDF /* PBXTargetDependency */ = {
			isa = PBXTargetDependency;
			target = 2B24EEFC193783AB0084BEDF /* NSThreadDemo */;
			targetProxy = 2B24EF1D193783AC0084BEDF /* PBXContainerItemProxy */;
		};
/* End PBXTargetDependency section */

/* Begin PBXVariantGroup section */
		2B24EF09193783AB0084BEDF /* InfoPlist.strings */ = {
			isa = PBXVariantGroup;
			children = (
				2B24EF0A193783AB0084BEDF /* en */,
				2B24EF2F193783DA0084BEDF /* zh-Hans */,
			);
			name = InfoPlist.strings;
			sourceTree = "<group>";
		};
		2B24EF22193783AC0084BEDF /* InfoPlist.strings */ = {
			isa = PBXVariantGroup;
			children = (
				2B24EF23193783AC0084BEDF /* en */,
				2B24EF30193783DA0084BEDF /* zh-Hans */,
			);
			name = InfoPlist.strings;
			sourceTree = "<group>";
		};
/* End PBXVariantGroup section */

/* Begin XCBuildConfiguration section */
		2B24EF27193783AC0084BEDF /* Debug */ = {
			isa = XCBuildConfiguration;
			buildSettings = {
				ALWAYS_SEARCH_USER_PATHS = NO;
				CLANG_CXX_LANGUAGE_STANDARD = "gnu++0x";
				CLANG_CXX_LIBRARY = "libc++";
				CLANG_ENABLE_MODULES = YES;
				CLANG_ENABLE_OBJC_ARC = YES;
				CLANG_WARN_BOOL_CONVERSION = YES;
				CLANG_WARN_CONSTANT_CONVERSION = YES;
				CLANG_WARN_DIRECT_OBJC_ISA_USAGE = YES_ERROR;
				CLANG_WARN_EMPTY_BODY = YES;
				CLANG_WARN_ENUM_CONVERSION = YES;
				CLANG_WARN_INT_CONVERSION = YES;
				CLANG_WARN_OBJC_ROOT_CLASS = YES_ERROR;
				CLANG_WARN__DUPLICATE_METHOD_MATCH = YES;
				"CODE_SIGN_IDENTITY[sdk=iphoneos*]" = "iPhone Developer";
				COPY_PHASE_STRIP = NO;
				GCC_C_LANGUAGE_STANDARD = gnu99;
				GCC_DYNAMIC_NO_PIC = NO;
				GCC_OPTIMIZATION_LEVEL = 0;
				GCC_PREPROCESSOR_DEFINITIONS = (
					"DEBUG=1",
					"$(inherited)",
				);
				GCC_SYMBOLS_PRIVATE_EXTERN = NO;
				GCC_WARN_64_TO_32_BIT_CONVERSION = YES;
				GCC_WARN_ABOUT_RETURN_TYPE = YES_ERROR;
				GCC_WARN_UNDECLARED_SELECTOR = YES;
				GCC_WARN_UNINITIALIZED_AUTOS = YES_AGGRESSIVE;
				GCC_WARN_UNUSED_FUNCTION = YES;
				GCC_WARN_UNUSED_VARIABLE = YES;
				IPHONEOS_DEPLOYMENT_TARGET = 7.1;
				ONLY_ACTIVE_ARCH = YES;
				SDKROOT = iphoneos;
			};
			name = Debug;
		};
		2B24EF28193783AC0084BEDF /* Release */ = {
			isa = XCBuildConfiguration;
			buildSettings = {
				ALWAYS_SEARCH_USER_PATHS = NO;
				CLANG_CXX_LANGUAGE_STANDARD = "gnu++0x";
				CLANG_CXX_LIBRARY = "libc++";
				CLANG_ENABLE_MODULES = YES;
				CLANG_ENABLE_OBJC_ARC = YES;
				CLANG_WARN_BOOL_CONVERSION = YES;
				CLANG_WARN_CONSTANT_CONVERSION = YES;
				CLANG_WARN_DIRECT_OBJC_ISA_USAGE = YES_ERROR;
				CLANG_WARN_EMPTY_BODY = YES;
				CLANG_WARN_ENUM_CONVERSION = YES;
				CLANG_WARN_INT_CONVERSION = YES;
				CLANG_WARN_OBJC_ROOT_CLASS = YES_ERROR;
				CLANG_WARN__DUPLICATE_METHOD_MATCH = YES;
				"CODE_SIGN_IDENTITY[sdk=iphoneos*]" = "iPhone Developer";
				COPY_PHASE_STRIP = YES;
				ENABLE_NS_ASSERTIONS = NO;
				GCC_C_LANGUAGE_STANDARD = gnu99;
				GCC_WARN_64_TO_32_BIT_CONVERSION = YES;
				GCC_WARN_ABOUT_RETURN_TYPE = YES_ERROR;
				GCC_WARN_UNDECLARED_SELECTOR = YES;
				GCC_WARN_UNINITIALIZED_AUTOS = YES_AGGRESSIVE;
				GCC_WARN_UNUSED_FUNCTION = YES;
				GCC_WARN_UNUSED_VARIABLE = YES;
				IPHONEOS_DEPLOYMENT_TARGET = 7.1;
				SDKROOT = iphoneos;
				VALIDATE_PRODUCT = YES;
			};
			name = Release;
		};
		2B24EF2A193783AC0084BEDF /* Debug */ = {
			isa = XCBuildConfiguration;
			buildSettings = {
				ASSETCATALOG_COMPILER_APPICON_NAME = AppIcon;
				ASSETCATALOG_COMPILER_LAUNCHIMAGE_NAME = LaunchImage;
				CODE_SIGN_IDENTITY = "iPhone Developer";
				GCC_PRECOMPILE_PREFIX_HEADER = YES;
				GCC_PREFIX_HEADER = "NSThreadDemo/NSThreadDemo-Prefix.pch";
				INFOPLIST_FILE = "NSThreadDemo/NSThreadDemo-Info.plist";
				PRODUCT_NAME = "$(TARGET_NAME)";
				WRAPPER_EXTENSION = app;
			};
			name = Debug;
		};
		2B24EF2B193783AC0084BEDF /* Release */ = {
			isa = XCBuildConfiguration;
			buildSettings = {
				ASSETCATALOG_COMPILER_APPICON_NAME = AppIcon;
				ASSETCATALOG_COMPILER_LAUNCHIMAGE_NAME = LaunchImage;
				CODE_SIGN_IDENTITY = "iPhone Developer";
				GCC_PRECOMPILE_PREFIX_HEADER = YES;
				GCC_PREFIX_HEADER = "NSThreadDemo/NSThreadDemo-Prefix.pch";
				INFOPLIST_FILE = "NSThreadDemo/NSThreadDemo-Info.plist";
				PRODUCT_NAME = "$(TARGET_NAME)";
				WRAPPER_EXTENSION = app;
			};
			name = Release;
		};
		2B24EF2D193783AC0084BEDF /* Debug */ = {
			isa = XCBuildConfiguration;
			buildSettings = {
				BUNDLE_LOADER = "$(BUILT_PRODUCTS_DIR)/NSThreadDemo.app/NSThreadDemo";
				FRAMEWORK_SEARCH_PATHS = (
					"$(SDKROOT)/Developer/Library/Frameworks",
					"$(inherited)",
					"$(DEVELOPER_FRAMEWORKS_DIR)",
				);
				GCC_PRECOMPILE_PREFIX_HEADER = YES;
				GCC_PREFIX_HEADER = "NSThreadDemo/NSThreadDemo-Prefix.pch";
				GCC_PREPROCESSOR_DEFINITIONS = (
					"DEBUG=1",
					"$(inherited)",
				);
				INFOPLIST_FILE = "NSThreadDemoTests/NSThreadDemoTests-Info.plist";
				PRODUCT_NAME = "$(TARGET_NAME)";
				TEST_HOST = "$(BUNDLE_LOADER)";
				WRAPPER_EXTENSION = xctest;
			};
			name = Debug;
		};
		2B24EF2E193783AC0084BEDF /* Release */ = {
			isa = XCBuildConfiguration;
			buildSettings = {
				BUNDLE_LOADER = "$(BUILT_PRODUCTS_DIR)/NSThreadDemo.app/NSThreadDemo";
				FRAMEWORK_SEARCH_PATHS = (
					"$(SDKROOT)/Developer/Library/Frameworks",
					"$(inherited)",
					"$(DEVELOPER_FRAMEWORKS_DIR)",
				);
				GCC_PRECOMPILE_PREFIX_HEADER = YES;
				GCC_PREFIX_HEADER = "NSThreadDemo/NSThreadDemo-Prefix.pch";
				INFOPLIST_FILE = "NSThreadDemoTests/NSThreadDemoTests-Info.plist";
				PRODUCT_NAME = "$(TARGET_NAME)";
				TEST_HOST = "$(BUNDLE_LOADER)";
				WRAPPER_EXTENSION = xctest;
			};
			name = Release;
		};
/* End XCBuildConfiguration section */

/* Begin XCConfigurationList section */
		2B24EEF8193783AB0084BEDF /* Build configuration list for PBXProject "NSThreadDemo" */ = {
			isa = XCConfigurationList;
			buildConfigurations = (
				2B24EF27193783AC0084BEDF /* Debug */,
				2B24EF28193783AC0084BEDF /* Release */,
			);
			defaultConfigurationIsVisible = 0;
			defaultConfigurationName = Release;
		};
		2B24EF29193783AC0084BEDF /* Build configuration list for PBXNativeTarget "NSThreadDemo" */ = {
			isa = XCConfigurationList;
			buildConfigurations = (
				2B24EF2A193783AC0084BEDF /* Debug */,
				2B24EF2B193783AC0084BEDF /* Release */,
			);
			defaultConfigurationIsVisible = 0;
		};
		2B24EF2C193783AC0084BEDF /* Build configuration list for PBXNativeTarget "NSThreadDemoTests" */ = {
			isa = XCConfigurationList;
			buildConfigurations = (
				2B24EF2D193783AC0084BEDF /* Debug */,
				2B24EF2E193783AC0084BEDF /* Release */,
			);
			defaultConfigurationIsVisible = 0;
		};
/* End XCConfigurationList section */
	};
	rootObject = 2B24EEF5193783AB0084BEDF /* Project object */;
}
